
Microsoft Visual Studio Solution File, Format Version 12.00
# Visual Studio Version 17
VisualStudioVersion = 17.6.33829.357
MinimumVisualStudioVersion = 10.0.40219.1
Project("{FAE04EC0-301F-11D3-BF4B-00C04F79EFBC}") = "MathTest", "MathTest\MathTest.csproj", "{3CB0CCA7-0997-496E-AEB5-AC2B241E72EB}"
EndProject
Project("{FAE04EC0-301F-11D3-BF4B-00C04F79EFBC}") = "TestProject", "TestProject\TestProject.csproj", "{890B44C8-90B6-4F9A-AC94-624BC4080C63}"
EndProject
Global
	GlobalSection(SolutionConfigurationPlatforms) = preSolution
		Debug|Any CPU = Debug|Any CPU
		Release|Any CPU = Release|Any CPU
	EndGlobalSection
	GlobalSection(ProjectConfigurationPlatforms) = postSolution
		{3CB0CCA7-0997-496E-AEB5-AC2B241E72EB}.Debug|Any CPU.ActiveCfg = Debug|Any CPU
		{3CB0CCA7-0997-496E-AEB5-AC2B241E72EB}.Debug|Any CPU.Build.0 = Debug|Any CPU
		{3CB0CCA7-0997-496E-AEB5-AC2B241E72EB}.Release|Any CPU.ActiveCfg = Release|Any CPU
		{3CB0CCA7-0997-496E-AEB5-AC2B241E72EB}.Release|Any CPU.Build.0 = Release|Any CPU
		{890B44C8-90B6-4F9A-AC94-624BC4080C63}.Debug|Any CPU.ActiveCfg = Debug|Any CPU
		{890B44C8-90B6-4F9A-AC94-624BC4080C63}.Debug|Any CPU.Build.0 = Debug|Any CPU
		{890B44C8-90B6-4F9A-AC94-624BC4080C63}.Release|Any CPU.ActiveCfg = Release|Any CPU
		{890B44C8-90B6-4F9A-AC94-624BC4080C63}.Release|Any CPU.Build.0 = Release|Any CPU
	EndGlobalSection
	GlobalSection(SolutionProperties) = preSolution
		HideSolutionNode = FALSE
	EndGlobalSection
	GlobalSection(ExtensibilityGlobals) = postSolution
		SolutionGuid = {30579812-D83E-4742-B1B8-DBA2DD779A9C}
	EndGlobalSection
EndGlobal
